{
  "object": {
    "pins": [
      {
        "package": "Alamofire",
        "repositoryURL": "https://github.com/Alamofire/Alamofire.git",
        "state": {
          "branch": null,
          "revision": "f82c23a8a7ef8dc1a49a8bfc6a96883e79121864",
          "version": "5.5.0"
        }
      },
      {
        "package": "AnyFormatKit",
        "repositoryURL": "https://github.com/luximetr/AnyFormatKit.git",
        "state": {
          "branch": null,
          "revision": "27b35c984c1c81e74c8be5273f7b2dc5250cb5cc",
          "version": "2.5.1"
        }
      },
      {
        "package": "EasyKit",
        "repositoryURL": "https://github.com/Taehyeon-Kim/EasyKit.git",
        "state": {
          "branch": "master",
          "revision": "5861ae869104f7ac5443dfa5bc91178d08ded9ac",
          "version": null
        }
      },
      {
        "package": "Moya",
        "repositoryURL": "https://github.com/Moya/Moya.git",
        "state": {
          "branch": "master",
          "revision": "6959c4440315a6dcf7227ed70728c2c3d5eb28ee",
          "version": null
        }
      },
      {
        "package": "ReactiveSwift",
        "repositoryURL": "https://github.com/ReactiveCocoa/ReactiveSwift.git",
        "state": {
          "branch": null,
          "revision": "c43bae3dac73fdd3cb906bd5a1914686ca71ed3c",
          "version": "6.7.0"
        }
      },
      {
        "package": "RxSwift",
        "repositoryURL": "https://github.com/ReactiveX/RxSwift.git",
        "state": {
          "branch": null,
          "revision": "b4307ba0b6425c0ba4178e138799946c3da594f8",
          "version": "6.5.0"
        }
      },
      {
        "package": "SnapKit",
        "repositoryURL": "https://github.com/SnapKit/SnapKit.git",
        "state": {
          "branch": "develop",
          "revision": "466db39ee4ef32b0f7c8cd9f009aaf42f80beace",
          "version": null
        }
      },
      {
        "package": "Then",
        "repositoryURL": "https://github.com/devxoul/Then.git",
        "state": {
          "branch": "master",
          "revision": "e421a7b3440a271834337694e6050133a3958bc7",
          "version": null
        }
      }
    ]
  },
  "version": 1
}
