// !$*UTF8*$!
{
	archiveVersion = 1;
	classes = {
	};
	objectVersion = 55;
	objects = {

/* Begin PBXBuildFile section */
		EC455EC927A8E7D0005E124D /* InformationViewController.swift in Sources */ = {isa = PBXBuildFile; fileRef = EC455EC827A8E7D0005E124D /* InformationViewController.swift */; };
		EC455ECB27A8E827005E124D /* informationView.swift in Sources */ = {isa = PBXBuildFile; fileRef = EC455ECA27A8E827005E124D /* informationView.swift */; };
		EC455ECD27A8E9D5005E124D /* informationTableViewCell.swift in Sources */ = {isa = PBXBuildFile; fileRef = EC455ECC27A8E9D5005E124D /* informationTableViewCell.swift */; };
		EC455ECF27A8EA0D005E124D /* informationHeaderView.swift in Sources */ = {isa = PBXBuildFile; fileRef = EC455ECE27A8EA0D005E124D /* informationHeaderView.swift */; };
		EC455EE927A91B5B005E124D /* PagerTab.swift in Sources */ = {isa = PBXBuildFile; fileRef = EC455EE827A91B5B005E124D /* PagerTab.swift */; };
		EC455EEB27A91C51005E124D /* NearSeSacViewController.swift in Sources */ = {isa = PBXBuildFile; fileRef = EC455EEA27A91C51005E124D /* NearSeSacViewController.swift */; };
		EC455EED27A91C5F005E124D /* GetRequestViewController.swift in Sources */ = {isa = PBXBuildFile; fileRef = EC455EEC27A91C5F005E124D /* GetRequestViewController.swift */; };
		EC455EF027A91C86005E124D /* FindSeSACViewController.swift in Sources */ = {isa = PBXBuildFile; fileRef = EC455EEE27A91C86005E124D /* FindSeSACViewController.swift */; };
		EC455EF627AA532B005E124D /* ManagementViewController.swift in Sources */ = {isa = PBXBuildFile; fileRef = EC455EF527AA532B005E124D /* ManagementViewController.swift */; };
		EC455EF827AA536A005E124D /* ManagementView.swift in Sources */ = {isa = PBXBuildFile; fileRef = EC455EF727AA536A005E124D /* ManagementView.swift */; };
		EC455EFE27AA5464005E124D /* ProfileImageTableViewCell.swift in Sources */ = {isa = PBXBuildFile; fileRef = EC455EFD27AA5464005E124D /* ProfileImageTableViewCell.swift */; };
		EC455F0027AA5479005E124D /* UserTableViewCell.swift in Sources */ = {isa = PBXBuildFile; fileRef = EC455EFF27AA5479005E124D /* UserTableViewCell.swift */; };
		EC455F0527AA5498005E124D /* UserInfoTableViewCell.swift in Sources */ = {isa = PBXBuildFile; fileRef = EC455F0427AA5498005E124D /* UserInfoTableViewCell.swift */; };
		EC455F0727AA54C3005E124D /* WithdrawlTableViewCell.swift in Sources */ = {isa = PBXBuildFile; fileRef = EC455F0627AA54C3005E124D /* WithdrawlTableViewCell.swift */; };
		EC455F0A27AA57E1005E124D /* ProfileImageView.swift in Sources */ = {isa = PBXBuildFile; fileRef = EC455F0927AA57E1005E124D /* ProfileImageView.swift */; };
		EC455F0C27AA5B39005E124D /* UserView.swift in Sources */ = {isa = PBXBuildFile; fileRef = EC455F0B27AA5B39005E124D /* UserView.swift */; };
		EC455F0F27AA60EB005E124D /* SeSacTitleView.swift in Sources */ = {isa = PBXBuildFile; fileRef = EC455F0E27AA60EB005E124D /* SeSacTitleView.swift */; };
		EC455F1127AA611F005E124D /* SeSacReviewView.swift in Sources */ = {isa = PBXBuildFile; fileRef = EC455F1027AA611F005E124D /* SeSacReviewView.swift */; };
		EC455F1827ABAB00005E124D /* ShopView.swift in Sources */ = {isa = PBXBuildFile; fileRef = EC455F1727ABAB00005E124D /* ShopView.swift */; };
		EC455F1A27ABB23C005E124D /* SeSacCharacterViewController.swift in Sources */ = {isa = PBXBuildFile; fileRef = EC455F1927ABB23C005E124D /* SeSacCharacterViewController.swift */; };
		EC455F1C27ABB24E005E124D /* SeSacBackgroundViewController.swift in Sources */ = {isa = PBXBuildFile; fileRef = EC455F1B27ABB24E005E124D /* SeSacBackgroundViewController.swift */; };
		EC455F2027ABB5CA005E124D /* SeSacBackgroundView.swift in Sources */ = {isa = PBXBuildFile; fileRef = EC455F1F27ABB5CA005E124D /* SeSacBackgroundView.swift */; };
		EC455F2227ABB5E7005E124D /* SeSacCharacterView.swift in Sources */ = {isa = PBXBuildFile; fileRef = EC455F2127ABB5E7005E124D /* SeSacCharacterView.swift */; };
		EC455F2427ABB700005E124D /* CharacterCollectionViewCell.swift in Sources */ = {isa = PBXBuildFile; fileRef = EC455F2327ABB700005E124D /* CharacterCollectionViewCell.swift */; };
		EC455F3127ABC8D7005E124D /* BackgroundCollectionViewCell.swift in Sources */ = {isa = PBXBuildFile; fileRef = EC455F3027ABC8D7005E124D /* BackgroundCollectionViewCell.swift */; };
		EC4D53B4279E8D11009D5E71 /* Color.xcassets in Resources */ = {isa = PBXBuildFile; fileRef = EC4D53B3279E8D11009D5E71 /* Color.xcassets */; };
		EC4D53B7279E8E0C009D5E71 /* Color.swift in Sources */ = {isa = PBXBuildFile; fileRef = EC4D53B6279E8E0C009D5E71 /* Color.swift */; };
		EC4D53B9279E8E16009D5E71 /* Image.swift in Sources */ = {isa = PBXBuildFile; fileRef = EC4D53B8279E8E16009D5E71 /* Image.swift */; };
		EC4D53BC279E8FCF009D5E71 /* AnyFormatKit in Frameworks */ = {isa = PBXBuildFile; productRef = EC4D53BB279E8FCF009D5E71 /* AnyFormatKit */; };
		EC4D53BF279E8FDE009D5E71 /* SnapKit in Frameworks */ = {isa = PBXBuildFile; productRef = EC4D53BE279E8FDE009D5E71 /* SnapKit */; };
		EC4D53C2279E8FEA009D5E71 /* Then in Frameworks */ = {isa = PBXBuildFile; productRef = EC4D53C1279E8FEA009D5E71 /* Then */; };
		EC4D53C5279E9741009D5E71 /* NicknameViewController.swift in Sources */ = {isa = PBXBuildFile; fileRef = EC4D53C3279E9741009D5E71 /* NicknameViewController.swift */; };
		EC4D53C9279E99CF009D5E71 /* BirthViewController.swift in Sources */ = {isa = PBXBuildFile; fileRef = EC4D53C7279E99CF009D5E71 /* BirthViewController.swift */; };
		EC4D53CD279E99E3009D5E71 /* EmailViewController.swift in Sources */ = {isa = PBXBuildFile; fileRef = EC4D53CB279E99E3009D5E71 /* EmailViewController.swift */; };
		EC4D53D1279E99F4009D5E71 /* GenderViewController.swift in Sources */ = {isa = PBXBuildFile; fileRef = EC4D53CF279E99F4009D5E71 /* GenderViewController.swift */; };
		EC4D53D2279E99F4009D5E71 /* GenderViewController.xib in Resources */ = {isa = PBXBuildFile; fileRef = EC4D53D0279E99F4009D5E71 /* GenderViewController.xib */; };
		EC4D53D4279F5698009D5E71 /* Image.xcassets in Resources */ = {isa = PBXBuildFile; fileRef = EC4D53D3279F5698009D5E71 /* Image.xcassets */; };
		EC6134AA2796610100DCE48C /* BaseViewController.swift in Sources */ = {isa = PBXBuildFile; fileRef = EC6134A92796610100DCE48C /* BaseViewController.swift */; };
		EC6134B42796A11E00DCE48C /* PhoneViewController.swift in Sources */ = {isa = PBXBuildFile; fileRef = EC6134B22796A11E00DCE48C /* PhoneViewController.swift */; };
		EC6134B82796A32100DCE48C /* EasyKit in Frameworks */ = {isa = PBXBuildFile; productRef = EC6134B72796A32100DCE48C /* EasyKit */; };
		EC6134BB2796A63000DCE48C /* MessageViewController.swift in Sources */ = {isa = PBXBuildFile; fileRef = EC6134B92796A63000DCE48C /* MessageViewController.swift */; };
		EC69721527AFAF5500085F80 /* GoogleService-Info.plist in Resources */ = {isa = PBXBuildFile; fileRef = EC69721427AFAF5500085F80 /* GoogleService-Info.plist */; };
		EC69721827AFB8BB00085F80 /* AuthAPI.swift in Sources */ = {isa = PBXBuildFile; fileRef = EC69721727AFB8BB00085F80 /* AuthAPI.swift */; };
		EC69721A27AFB8C300085F80 /* AuthService.swift in Sources */ = {isa = PBXBuildFile; fileRef = EC69721927AFB8C300085F80 /* AuthService.swift */; };
		EC69721C27AFB8E600085F80 /* URLs.swift in Sources */ = {isa = PBXBuildFile; fileRef = EC69721B27AFB8E600085F80 /* URLs.swift */; };
		EC69721F27AFBACB00085F80 /* AuthModel.swift in Sources */ = {isa = PBXBuildFile; fileRef = EC69721E27AFBACB00085F80 /* AuthModel.swift */; };
		EC69722127B2166C00085F80 /* FindSeSACView.swift in Sources */ = {isa = PBXBuildFile; fileRef = EC69722027B2166C00085F80 /* FindSeSACView.swift */; };
		EC69722327B2181C00085F80 /* HomeViewController.swift in Sources */ = {isa = PBXBuildFile; fileRef = EC69722227B2181C00085F80 /* HomeViewController.swift */; };
		EC69722527B218D300085F80 /* HomeView.swift in Sources */ = {isa = PBXBuildFile; fileRef = EC69722427B218D200085F80 /* HomeView.swift */; };
		EC69722727B2796000085F80 /* StatusButtonStyle.swift in Sources */ = {isa = PBXBuildFile; fileRef = EC69722627B2796000085F80 /* StatusButtonStyle.swift */; };
		EC69722927B28B6600085F80 /* GenderButtonStyle.swift in Sources */ = {isa = PBXBuildFile; fileRef = EC69722827B28B6600085F80 /* GenderButtonStyle.swift */; };
		EC69722B27B2923600085F80 /* UIView + Extension.swift in Sources */ = {isa = PBXBuildFile; fileRef = EC69722A27B2923600085F80 /* UIView + Extension.swift */; };
		EC69722D27B36D2700085F80 /* AnnotationStyle.swift in Sources */ = {isa = PBXBuildFile; fileRef = EC69722C27B36D2600085F80 /* AnnotationStyle.swift */; };
		EC69722F27B4DE5500085F80 /* HobbyViewController.swift in Sources */ = {isa = PBXBuildFile; fileRef = EC69722E27B4DE5500085F80 /* HobbyViewController.swift */; };
		EC69723327B4E00400085F80 /* HobbyView.swift in Sources */ = {isa = PBXBuildFile; fileRef = EC69723227B4E00400085F80 /* HobbyView.swift */; };
		EC69723527B5114600085F80 /* HobbyCollectionViewCell.swift in Sources */ = {isa = PBXBuildFile; fileRef = EC69723427B5114600085F80 /* HobbyCollectionViewCell.swift */; };
		EC69723727B5667F00085F80 /* HobbyHeaderView.swift in Sources */ = {isa = PBXBuildFile; fileRef = EC69723627B5667F00085F80 /* HobbyHeaderView.swift */; };
		ECB2B85D27AD021A00EEEBF4 /* AuthButtonStyle.swift in Sources */ = {isa = PBXBuildFile; fileRef = ECB2B85C27AD021A00EEEBF4 /* AuthButtonStyle.swift */; };
		ECB2B85F27AD022F00EEEBF4 /* TextFieldStyle.swift in Sources */ = {isa = PBXBuildFile; fileRef = ECB2B85E27AD022F00EEEBF4 /* TextFieldStyle.swift */; };
		ECB2B86127AD210700EEEBF4 /* AuthCommonView.swift in Sources */ = {isa = PBXBuildFile; fileRef = ECB2B86027AD210700EEEBF4 /* AuthCommonView.swift */; };
		ECB2B86327AD222400EEEBF4 /* Representable.swift in Sources */ = {isa = PBXBuildFile; fileRef = ECB2B86227AD222400EEEBF4 /* Representable.swift */; };
		ECB2B86627AD2C6700EEEBF4 /* MessageView.swift in Sources */ = {isa = PBXBuildFile; fileRef = ECB2B86527AD2C6700EEEBF4 /* MessageView.swift */; };
		ECB2B86827AD3D1700EEEBF4 /* BirthView.swift in Sources */ = {isa = PBXBuildFile; fileRef = ECB2B86727AD3D1700EEEBF4 /* BirthView.swift */; };
		ECB2B86A27AD3DB700EEEBF4 /* DayView.swift in Sources */ = {isa = PBXBuildFile; fileRef = ECB2B86927AD3DB700EEEBF4 /* DayView.swift */; };
		ECB2B86D27AE1BB200EEEBF4 /* Observable.swift in Sources */ = {isa = PBXBuildFile; fileRef = ECB2B86C27AE1BB200EEEBF4 /* Observable.swift */; };
		ECB2B86F27AE1E5E00EEEBF4 /* AuthViewModel.swift in Sources */ = {isa = PBXBuildFile; fileRef = ECB2B86E27AE1E5E00EEEBF4 /* AuthViewModel.swift */; };
		ECB2F3E727965CAC00BCCA60 /* AppDelegate.swift in Sources */ = {isa = PBXBuildFile; fileRef = ECB2F3E627965CAC00BCCA60 /* AppDelegate.swift */; };
		ECB2F3E927965CAC00BCCA60 /* SceneDelegate.swift in Sources */ = {isa = PBXBuildFile; fileRef = ECB2F3E827965CAC00BCCA60 /* SceneDelegate.swift */; };
		ECB2F3F027965CAD00BCCA60 /* Assets.xcassets in Resources */ = {isa = PBXBuildFile; fileRef = ECB2F3EF27965CAD00BCCA60 /* Assets.xcassets */; };
		ECB2F3F327965CAD00BCCA60 /* LaunchScreen.storyboard in Resources */ = {isa = PBXBuildFile; fileRef = ECB2F3F127965CAD00BCCA60 /* LaunchScreen.storyboard */; };
		ECB6A6E827A0482B00E55E2C /* NetworkService.swift in Sources */ = {isa = PBXBuildFile; fileRef = ECB6A6E727A0482B00E55E2C /* NetworkService.swift */; };
		ECB6A6EA27A0484200E55E2C /* GenericResponse.swift in Sources */ = {isa = PBXBuildFile; fileRef = ECB6A6E927A0484200E55E2C /* GenericResponse.swift */; };
		ECB6A6EF27A049D700E55E2C /* Moya in Frameworks */ = {isa = PBXBuildFile; productRef = ECB6A6EE27A049D700E55E2C /* Moya */; };
		ECB6A6F227A09E4E00E55E2C /* TabBarItem.swift in Sources */ = {isa = PBXBuildFile; fileRef = ECB6A6F127A09E4E00E55E2C /* TabBarItem.swift */; };
		ECB6A6F427A09E5700E55E2C /* TabBarController.swift in Sources */ = {isa = PBXBuildFile; fileRef = ECB6A6F327A09E5700E55E2C /* TabBarController.swift */; };
		ECB6A70227A0A11700E55E2C /* SeSacFriendViewController.swift in Sources */ = {isa = PBXBuildFile; fileRef = ECB6A70027A0A11700E55E2C /* SeSacFriendViewController.swift */; };
		ECB6A70327A0A11700E55E2C /* SeSacFriendViewController.xib in Resources */ = {isa = PBXBuildFile; fileRef = ECB6A70127A0A11700E55E2C /* SeSacFriendViewController.xib */; };
		ECB6A70B27A0A1E600E55E2C /* ShopViewController.swift in Sources */ = {isa = PBXBuildFile; fileRef = ECB6A70927A0A1E600E55E2C /* ShopViewController.swift */; };
		ECB6A71327A0A78400E55E2C /* FirebaseAuth in Frameworks */ = {isa = PBXBuildFile; productRef = ECB6A71227A0A78400E55E2C /* FirebaseAuth */; };
		ECB6A71527A0A78400E55E2C /* FirebaseMessaging in Frameworks */ = {isa = PBXBuildFile; productRef = ECB6A71427A0A78400E55E2C /* FirebaseMessaging */; };
/* End PBXBuildFile section */

/* Begin PBXFileReference section */
		EC455EC827A8E7D0005E124D /* InformationViewController.swift */ = {isa = PBXFileReference; lastKnownFileType = sourcecode.swift; path = InformationViewController.swift; sourceTree = "<group>"; };
		EC455ECA27A8E827005E124D /* informationView.swift */ = {isa = PBXFileReference; lastKnownFileType = sourcecode.swift; path = informationView.swift; sourceTree = "<group>"; };
		EC455ECC27A8E9D5005E124D /* informationTableViewCell.swift */ = {isa = PBXFileReference; lastKnownFileType = sourcecode.swift; path = informationTableViewCell.swift; sourceTree = "<group>"; };
		EC455ECE27A8EA0D005E124D /* informationHeaderView.swift */ = {isa = PBXFileReference; lastKnownFileType = sourcecode.swift; path = informationHeaderView.swift; sourceTree = "<group>"; };
		EC455EE827A91B5B005E124D /* PagerTab.swift */ = {isa = PBXFileReference; lastKnownFileType = sourcecode.swift; path = PagerTab.swift; sourceTree = "<group>"; };
		EC455EEA27A91C51005E124D /* NearSeSacViewController.swift */ = {isa = PBXFileReference; lastKnownFileType = sourcecode.swift; path = NearSeSacViewController.swift; sourceTree = "<group>"; };
		EC455EEC27A91C5F005E124D /* GetRequestViewController.swift */ = {isa = PBXFileReference; lastKnownFileType = sourcecode.swift; path = GetRequestViewController.swift; sourceTree = "<group>"; };
		EC455EEE27A91C86005E124D /* FindSeSACViewController.swift */ = {isa = PBXFileReference; lastKnownFileType = sourcecode.swift; path = FindSeSACViewController.swift; sourceTree = "<group>"; };
		EC455EF527AA532B005E124D /* ManagementViewController.swift */ = {isa = PBXFileReference; lastKnownFileType = sourcecode.swift; path = ManagementViewController.swift; sourceTree = "<group>"; };
		EC455EF727AA536A005E124D /* ManagementView.swift */ = {isa = PBXFileReference; lastKnownFileType = sourcecode.swift; path = ManagementView.swift; sourceTree = "<group>"; };
		EC455EFD27AA5464005E124D /* ProfileImageTableViewCell.swift */ = {isa = PBXFileReference; lastKnownFileType = sourcecode.swift; path = ProfileImageTableViewCell.swift; sourceTree = "<group>"; };
		EC455EFF27AA5479005E124D /* UserTableViewCell.swift */ = {isa = PBXFileReference; lastKnownFileType = sourcecode.swift; path = UserTableViewCell.swift; sourceTree = "<group>"; };
		EC455F0427AA5498005E124D /* UserInfoTableViewCell.swift */ = {isa = PBXFileReference; lastKnownFileType = sourcecode.swift; path = UserInfoTableViewCell.swift; sourceTree = "<group>"; };
		EC455F0627AA54C3005E124D /* WithdrawlTableViewCell.swift */ = {isa = PBXFileReference; lastKnownFileType = sourcecode.swift; path = WithdrawlTableViewCell.swift; sourceTree = "<group>"; };
		EC455F0927AA57E1005E124D /* ProfileImageView.swift */ = {isa = PBXFileReference; lastKnownFileType = sourcecode.swift; path = ProfileImageView.swift; sourceTree = "<group>"; };
		EC455F0B27AA5B39005E124D /* UserView.swift */ = {isa = PBXFileReference; lastKnownFileType = sourcecode.swift; path = UserView.swift; sourceTree = "<group>"; };
		EC455F0E27AA60EB005E124D /* SeSacTitleView.swift */ = {isa = PBXFileReference; lastKnownFileType = sourcecode.swift; path = SeSacTitleView.swift; sourceTree = "<group>"; };
		EC455F1027AA611F005E124D /* SeSacReviewView.swift */ = {isa = PBXFileReference; lastKnownFileType = sourcecode.swift; path = SeSacReviewView.swift; sourceTree = "<group>"; };
		EC455F1727ABAB00005E124D /* ShopView.swift */ = {isa = PBXFileReference; lastKnownFileType = sourcecode.swift; path = ShopView.swift; sourceTree = "<group>"; };
		EC455F1927ABB23C005E124D /* SeSacCharacterViewController.swift */ = {isa = PBXFileReference; lastKnownFileType = sourcecode.swift; path = SeSacCharacterViewController.swift; sourceTree = "<group>"; };
		EC455F1B27ABB24E005E124D /* SeSacBackgroundViewController.swift */ = {isa = PBXFileReference; lastKnownFileType = sourcecode.swift; path = SeSacBackgroundViewController.swift; sourceTree = "<group>"; };
		EC455F1F27ABB5CA005E124D /* SeSacBackgroundView.swift */ = {isa = PBXFileReference; lastKnownFileType = sourcecode.swift; path = SeSacBackgroundView.swift; sourceTree = "<group>"; };
		EC455F2127ABB5E7005E124D /* SeSacCharacterView.swift */ = {isa = PBXFileReference; lastKnownFileType = sourcecode.swift; path = SeSacCharacterView.swift; sourceTree = "<group>"; };
		EC455F2327ABB700005E124D /* CharacterCollectionViewCell.swift */ = {isa = PBXFileReference; lastKnownFileType = sourcecode.swift; path = CharacterCollectionViewCell.swift; sourceTree = "<group>"; };
		EC455F3027ABC8D7005E124D /* BackgroundCollectionViewCell.swift */ = {isa = PBXFileReference; lastKnownFileType = sourcecode.swift; path = BackgroundCollectionViewCell.swift; sourceTree = "<group>"; };
		EC4D53B3279E8D11009D5E71 /* Color.xcassets */ = {isa = PBXFileReference; lastKnownFileType = folder.assetcatalog; path = Color.xcassets; sourceTree = "<group>"; };
		EC4D53B6279E8E0C009D5E71 /* Color.swift */ = {isa = PBXFileReference; lastKnownFileType = sourcecode.swift; path = Color.swift; sourceTree = "<group>"; };
		EC4D53B8279E8E16009D5E71 /* Image.swift */ = {isa = PBXFileReference; lastKnownFileType = sourcecode.swift; path = Image.swift; sourceTree = "<group>"; };
		EC4D53C3279E9741009D5E71 /* NicknameViewController.swift */ = {isa = PBXFileReference; lastKnownFileType = sourcecode.swift; path = NicknameViewController.swift; sourceTree = "<group>"; };
		EC4D53C7279E99CF009D5E71 /* BirthViewController.swift */ = {isa = PBXFileReference; lastKnownFileType = sourcecode.swift; path = BirthViewController.swift; sourceTree = "<group>"; };
		EC4D53CB279E99E3009D5E71 /* EmailViewController.swift */ = {isa = PBXFileReference; lastKnownFileType = sourcecode.swift; path = EmailViewController.swift; sourceTree = "<group>"; };
		EC4D53CF279E99F4009D5E71 /* GenderViewController.swift */ = {isa = PBXFileReference; lastKnownFileType = sourcecode.swift; path = GenderViewController.swift; sourceTree = "<group>"; };
		EC4D53D0279E99F4009D5E71 /* GenderViewController.xib */ = {isa = PBXFileReference; lastKnownFileType = file.xib; path = GenderViewController.xib; sourceTree = "<group>"; };
		EC4D53D3279F5698009D5E71 /* Image.xcassets */ = {isa = PBXFileReference; lastKnownFileType = folder.assetcatalog; path = Image.xcassets; sourceTree = "<group>"; };
		EC6134A92796610100DCE48C /* BaseViewController.swift */ = {isa = PBXFileReference; lastKnownFileType = sourcecode.swift; path = BaseViewController.swift; sourceTree = "<group>"; };
		EC6134B22796A11E00DCE48C /* PhoneViewController.swift */ = {isa = PBXFileReference; lastKnownFileType = sourcecode.swift; path = PhoneViewController.swift; sourceTree = "<group>"; };
		EC6134B92796A63000DCE48C /* MessageViewController.swift */ = {isa = PBXFileReference; lastKnownFileType = sourcecode.swift; path = MessageViewController.swift; sourceTree = "<group>"; };
		EC69721427AFAF5500085F80 /* GoogleService-Info.plist */ = {isa = PBXFileReference; fileEncoding = 4; lastKnownFileType = text.plist.xml; path = "GoogleService-Info.plist"; sourceTree = "<group>"; };
		EC69721727AFB8BB00085F80 /* AuthAPI.swift */ = {isa = PBXFileReference; lastKnownFileType = sourcecode.swift; path = AuthAPI.swift; sourceTree = "<group>"; };
		EC69721927AFB8C300085F80 /* AuthService.swift */ = {isa = PBXFileReference; lastKnownFileType = sourcecode.swift; path = AuthService.swift; sourceTree = "<group>"; };
		EC69721B27AFB8E600085F80 /* URLs.swift */ = {isa = PBXFileReference; lastKnownFileType = sourcecode.swift; path = URLs.swift; sourceTree = "<group>"; };
		EC69721E27AFBACB00085F80 /* AuthModel.swift */ = {isa = PBXFileReference; lastKnownFileType = sourcecode.swift; path = AuthModel.swift; sourceTree = "<group>"; };
		EC69722027B2166C00085F80 /* FindSeSACView.swift */ = {isa = PBXFileReference; lastKnownFileType = sourcecode.swift; path = FindSeSACView.swift; sourceTree = "<group>"; };
		EC69722227B2181C00085F80 /* HomeViewController.swift */ = {isa = PBXFileReference; lastKnownFileType = sourcecode.swift; path = HomeViewController.swift; sourceTree = "<group>"; };
		EC69722427B218D200085F80 /* HomeView.swift */ = {isa = PBXFileReference; lastKnownFileType = sourcecode.swift; path = HomeView.swift; sourceTree = "<group>"; };
		EC69722627B2796000085F80 /* StatusButtonStyle.swift */ = {isa = PBXFileReference; lastKnownFileType = sourcecode.swift; path = StatusButtonStyle.swift; sourceTree = "<group>"; };
		EC69722827B28B6600085F80 /* GenderButtonStyle.swift */ = {isa = PBXFileReference; lastKnownFileType = sourcecode.swift; name = GenderButtonStyle.swift; path = ../../../../../Desktop/GenderButtonStyle.swift; sourceTree = "<group>"; };
		EC69722A27B2923600085F80 /* UIView + Extension.swift */ = {isa = PBXFileReference; lastKnownFileType = sourcecode.swift; path = "UIView + Extension.swift"; sourceTree = "<group>"; };
		EC69722C27B36D2600085F80 /* AnnotationStyle.swift */ = {isa = PBXFileReference; lastKnownFileType = sourcecode.swift; path = AnnotationStyle.swift; sourceTree = "<group>"; };
		EC69722E27B4DE5500085F80 /* HobbyViewController.swift */ = {isa = PBXFileReference; lastKnownFileType = sourcecode.swift; path = HobbyViewController.swift; sourceTree = "<group>"; };
		EC69723227B4E00400085F80 /* HobbyView.swift */ = {isa = PBXFileReference; lastKnownFileType = sourcecode.swift; path = HobbyView.swift; sourceTree = "<group>"; };
		EC69723427B5114600085F80 /* HobbyCollectionViewCell.swift */ = {isa = PBXFileReference; lastKnownFileType = sourcecode.swift; path = HobbyCollectionViewCell.swift; sourceTree = "<group>"; };
		EC69723627B5667F00085F80 /* HobbyHeaderView.swift */ = {isa = PBXFileReference; lastKnownFileType = sourcecode.swift; path = HobbyHeaderView.swift; sourceTree = "<group>"; };
		ECB2B85C27AD021A00EEEBF4 /* AuthButtonStyle.swift */ = {isa = PBXFileReference; lastKnownFileType = sourcecode.swift; path = AuthButtonStyle.swift; sourceTree = "<group>"; };
		ECB2B85E27AD022F00EEEBF4 /* TextFieldStyle.swift */ = {isa = PBXFileReference; lastKnownFileType = sourcecode.swift; path = TextFieldStyle.swift; sourceTree = "<group>"; };
		ECB2B86027AD210700EEEBF4 /* AuthCommonView.swift */ = {isa = PBXFileReference; lastKnownFileType = sourcecode.swift; path = AuthCommonView.swift; sourceTree = "<group>"; };
		ECB2B86227AD222400EEEBF4 /* Representable.swift */ = {isa = PBXFileReference; lastKnownFileType = sourcecode.swift; path = Representable.swift; sourceTree = "<group>"; };
		ECB2B86527AD2C6700EEEBF4 /* MessageView.swift */ = {isa = PBXFileReference; lastKnownFileType = sourcecode.swift; path = MessageView.swift; sourceTree = "<group>"; };
		ECB2B86727AD3D1700EEEBF4 /* BirthView.swift */ = {isa = PBXFileReference; lastKnownFileType = sourcecode.swift; path = BirthView.swift; sourceTree = "<group>"; };
		ECB2B86927AD3DB700EEEBF4 /* DayView.swift */ = {isa = PBXFileReference; lastKnownFileType = sourcecode.swift; path = DayView.swift; sourceTree = "<group>"; };
		ECB2B86C27AE1BB200EEEBF4 /* Observable.swift */ = {isa = PBXFileReference; lastKnownFileType = sourcecode.swift; path = Observable.swift; sourceTree = "<group>"; };
		ECB2B86E27AE1E5E00EEEBF4 /* AuthViewModel.swift */ = {isa = PBXFileReference; lastKnownFileType = sourcecode.swift; path = AuthViewModel.swift; sourceTree = "<group>"; };
		ECB2F3E327965CAC00BCCA60 /* SeSAC_Friends.app */ = {isa = PBXFileReference; explicitFileType = wrapper.application; includeInIndex = 0; path = SeSAC_Friends.app; sourceTree = BUILT_PRODUCTS_DIR; };
		ECB2F3E627965CAC00BCCA60 /* AppDelegate.swift */ = {isa = PBXFileReference; lastKnownFileType = sourcecode.swift; path = AppDelegate.swift; sourceTree = "<group>"; };
		ECB2F3E827965CAC00BCCA60 /* SceneDelegate.swift */ = {isa = PBXFileReference; lastKnownFileType = sourcecode.swift; path = SceneDelegate.swift; sourceTree = "<group>"; };
		ECB2F3EF27965CAD00BCCA60 /* Assets.xcassets */ = {isa = PBXFileReference; lastKnownFileType = folder.assetcatalog; path = Assets.xcassets; sourceTree = "<group>"; };
		ECB2F3F227965CAD00BCCA60 /* Base */ = {isa = PBXFileReference; lastKnownFileType = file.storyboard; name = Base; path = Base.lproj/LaunchScreen.storyboard; sourceTree = "<group>"; };
		ECB2F3F427965CAD00BCCA60 /* Info.plist */ = {isa = PBXFileReference; lastKnownFileType = text.plist.xml; path = Info.plist; sourceTree = "<group>"; };
		ECB6A6E727A0482B00E55E2C /* NetworkService.swift */ = {isa = PBXFileReference; lastKnownFileType = sourcecode.swift; path = NetworkService.swift; sourceTree = "<group>"; };
		ECB6A6E927A0484200E55E2C /* GenericResponse.swift */ = {isa = PBXFileReference; lastKnownFileType = sourcecode.swift; path = GenericResponse.swift; sourceTree = "<group>"; };
		ECB6A6F127A09E4E00E55E2C /* TabBarItem.swift */ = {isa = PBXFileReference; lastKnownFileType = sourcecode.swift; path = TabBarItem.swift; sourceTree = "<group>"; };
		ECB6A6F327A09E5700E55E2C /* TabBarController.swift */ = {isa = PBXFileReference; lastKnownFileType = sourcecode.swift; path = TabBarController.swift; sourceTree = "<group>"; };
		ECB6A70027A0A11700E55E2C /* SeSacFriendViewController.swift */ = {isa = PBXFileReference; lastKnownFileType = sourcecode.swift; path = SeSacFriendViewController.swift; sourceTree = "<group>"; };
		ECB6A70127A0A11700E55E2C /* SeSacFriendViewController.xib */ = {isa = PBXFileReference; lastKnownFileType = file.xib; path = SeSacFriendViewController.xib; sourceTree = "<group>"; };
		ECB6A70927A0A1E600E55E2C /* ShopViewController.swift */ = {isa = PBXFileReference; lastKnownFileType = sourcecode.swift; path = ShopViewController.swift; sourceTree = "<group>"; };
		ECB6A70D27A0A3C200E55E2C /* SeSAC_Friends.entitlements */ = {isa = PBXFileReference; lastKnownFileType = text.plist.entitlements; path = SeSAC_Friends.entitlements; sourceTree = "<group>"; };
/* End PBXFileReference section */

/* Begin PBXFrameworksBuildPhase section */
		ECB2F3E027965CAC00BCCA60 /* Frameworks */ = {
			isa = PBXFrameworksBuildPhase;
			buildActionMask = 2147483647;
			files = (
				EC4D53BF279E8FDE009D5E71 /* SnapKit in Frameworks */,
				ECB6A71327A0A78400E55E2C /* FirebaseAuth in Frameworks */,
				ECB6A71527A0A78400E55E2C /* FirebaseMessaging in Frameworks */,
				EC6134B82796A32100DCE48C /* EasyKit in Frameworks */,
				EC4D53BC279E8FCF009D5E71 /* AnyFormatKit in Frameworks */,
				ECB6A6EF27A049D700E55E2C /* Moya in Frameworks */,
				EC4D53C2279E8FEA009D5E71 /* Then in Frameworks */,
			);
			runOnlyForDeploymentPostprocessing = 0;
		};
/* End PBXFrameworksBuildPhase section */

/* Begin PBXGroup section */
		EC455EC727A8E7C2005E124D /* MyPage */ = {
			isa = PBXGroup;
			children = (
				EC455ED427A90610005E124D /* Management */,
				EC455ED327A905E6005E124D /* Information */,
			);
			path = MyPage;
			sourceTree = "<group>";
		};
		EC455ED027A8EA12005E124D /* View */ = {
			isa = PBXGroup;
			children = (
				EC455ECA27A8E827005E124D /* informationView.swift */,
				EC455ECE27A8EA0D005E124D /* informationHeaderView.swift */,
			);
			path = View;
			sourceTree = "<group>";
		};
		EC455ED127A8FEF6005E124D /* ViewController */ = {
			isa = PBXGroup;
			children = (
				EC455EC827A8E7D0005E124D /* InformationViewController.swift */,
			);
			path = ViewController;
			sourceTree = "<group>";
		};
		EC455ED227A8FF0A005E124D /* Cell */ = {
			isa = PBXGroup;
			children = (
				EC455ECC27A8E9D5005E124D /* informationTableViewCell.swift */,
			);
			path = Cell;
			sourceTree = "<group>";
		};
		EC455ED327A905E6005E124D /* Information */ = {
			isa = PBXGroup;
			children = (
				EC455ED027A8EA12005E124D /* View */,
				EC455ED127A8FEF6005E124D /* ViewController */,
				EC455ED227A8FF0A005E124D /* Cell */,
			);
			path = Information;
			sourceTree = "<group>";
		};
		EC455ED427A90610005E124D /* Management */ = {
			isa = PBXGroup;
			children = (
				EC455EF527AA532B005E124D /* ManagementViewController.swift */,
				EC455EF727AA536A005E124D /* ManagementView.swift */,
			);
			path = Management;
			sourceTree = "<group>";
		};
		EC455EE727A91B4B005E124D /* PagerTab */ = {
			isa = PBXGroup;
			children = (
				EC455EE827A91B5B005E124D /* PagerTab.swift */,
			);
			path = PagerTab;
			sourceTree = "<group>";
		};
		EC455EF227AA4EFD005E124D /* FindSeSAC */ = {
			isa = PBXGroup;
			children = (
				EC455EEE27A91C86005E124D /* FindSeSACViewController.swift */,
				EC69722027B2166C00085F80 /* FindSeSACView.swift */,
				EC455EF327AA4F06005E124D /* FirstTab */,
				EC455EF427AA4F0C005E124D /* SecondTab */,
			);
			path = FindSeSAC;
			sourceTree = "<group>";
		};
		EC455EF327AA4F06005E124D /* FirstTab */ = {
			isa = PBXGroup;
			children = (
				EC455EEA27A91C51005E124D /* NearSeSacViewController.swift */,
			);
			path = FirstTab;
			sourceTree = "<group>";
		};
		EC455EF427AA4F0C005E124D /* SecondTab */ = {
			isa = PBXGroup;
			children = (
				EC455EEC27A91C5F005E124D /* GetRequestViewController.swift */,
			);
			path = SecondTab;
			sourceTree = "<group>";
		};
		EC455EF927AA542E005E124D /* View */ = {
			isa = PBXGroup;
			children = (
				EC455F0927AA57E1005E124D /* ProfileImageView.swift */,
				EC455F0B27AA5B39005E124D /* UserView.swift */,
				EC455F0E27AA60EB005E124D /* SeSacTitleView.swift */,
				EC455F1027AA611F005E124D /* SeSacReviewView.swift */,
			);
			path = View;
			sourceTree = "<group>";
		};
		EC455F0827AA5596005E124D /* Cell */ = {
			isa = PBXGroup;
			children = (
				EC455EFD27AA5464005E124D /* ProfileImageTableViewCell.swift */,
				EC455EFF27AA5479005E124D /* UserTableViewCell.swift */,
				EC455F0427AA5498005E124D /* UserInfoTableViewCell.swift */,
				EC455F0627AA54C3005E124D /* WithdrawlTableViewCell.swift */,
			);
			path = Cell;
			sourceTree = "<group>";
		};
		EC455F1627ABAAE9005E124D /* ShopTab */ = {
			isa = PBXGroup;
			children = (
				EC455F2A27ABC6B3005E124D /* ViewController */,
				EC455F2927ABC6AD005E124D /* View */,
			);
			path = ShopTab;
			sourceTree = "<group>";
		};
		EC455F2527ABC647005E124D /* Character */ = {
			isa = PBXGroup;
			children = (
				EC455F2827ABC65B005E124D /* Cell */,
				EC455F2727ABC651005E124D /* ViewController */,
				EC455F2627ABC64D005E124D /* View */,
			);
			path = Character;
			sourceTree = "<group>";
		};
		EC455F2627ABC64D005E124D /* View */ = {
			isa = PBXGroup;
			children = (
				EC455F2127ABB5E7005E124D /* SeSacCharacterView.swift */,
			);
			path = View;
			sourceTree = "<group>";
		};
		EC455F2727ABC651005E124D /* ViewController */ = {
			isa = PBXGroup;
			children = (
				EC455F1927ABB23C005E124D /* SeSacCharacterViewController.swift */,
			);
			path = ViewController;
			sourceTree = "<group>";
		};
		EC455F2827ABC65B005E124D /* Cell */ = {
			isa = PBXGroup;
			children = (
				EC455F2327ABB700005E124D /* CharacterCollectionViewCell.swift */,
			);
			path = Cell;
			sourceTree = "<group>";
		};
		EC455F2927ABC6AD005E124D /* View */ = {
			isa = PBXGroup;
			children = (
				EC455F1727ABAB00005E124D /* ShopView.swift */,
			);
			path = View;
			sourceTree = "<group>";
		};
		EC455F2A27ABC6B3005E124D /* ViewController */ = {
			isa = PBXGroup;
			children = (
				ECB6A70927A0A1E600E55E2C /* ShopViewController.swift */,
			);
			path = ViewController;
			sourceTree = "<group>";
		};
		EC455F2C27ABC6EA005E124D /* Background */ = {
			isa = PBXGroup;
			children = (
				EC455F2F27ABC6FD005E124D /* Cell */,
				EC455F2E27ABC6F7005E124D /* ViewController */,
				EC455F2D27ABC6F2005E124D /* View */,
			);
			path = Background;
			sourceTree = "<group>";
		};
		EC455F2D27ABC6F2005E124D /* View */ = {
			isa = PBXGroup;
			children = (
				EC455F1F27ABB5CA005E124D /* SeSacBackgroundView.swift */,
			);
			path = View;
			sourceTree = "<group>";
		};
		EC455F2E27ABC6F7005E124D /* ViewController */ = {
			isa = PBXGroup;
			children = (
				EC455F1B27ABB24E005E124D /* SeSacBackgroundViewController.swift */,
			);
			path = ViewController;
			sourceTree = "<group>";
		};
		EC455F2F27ABC6FD005E124D /* Cell */ = {
			isa = PBXGroup;
			children = (
				EC455F3027ABC8D7005E124D /* BackgroundCollectionViewCell.swift */,
			);
			path = Cell;
			sourceTree = "<group>";
		};
		EC455F3227ACC7DE005E124D /* Phone */ = {
			isa = PBXGroup;
			children = (
				EC6134B22796A11E00DCE48C /* PhoneViewController.swift */,
			);
			path = Phone;
			sourceTree = "<group>";
		};
		EC455F3327ACC81C005E124D /* Gender */ = {
			isa = PBXGroup;
			children = (
				EC4D53CF279E99F4009D5E71 /* GenderViewController.swift */,
				EC4D53D0279E99F4009D5E71 /* GenderViewController.xib */,
			);
			path = Gender;
			sourceTree = "<group>";
		};
		EC455F3427ACC827005E124D /* Nickname */ = {
			isa = PBXGroup;
			children = (
				EC4D53C3279E9741009D5E71 /* NicknameViewController.swift */,
			);
			path = Nickname;
			sourceTree = "<group>";
		};
		EC455F3527ACC833005E124D /* Birth */ = {
			isa = PBXGroup;
			children = (
				EC4D53C7279E99CF009D5E71 /* BirthViewController.swift */,
				ECB2B86727AD3D1700EEEBF4 /* BirthView.swift */,
				ECB2B86927AD3DB700EEEBF4 /* DayView.swift */,
			);
			path = Birth;
			sourceTree = "<group>";
		};
		EC455F3627ACC844005E124D /* Email */ = {
			isa = PBXGroup;
			children = (
				EC4D53CB279E99E3009D5E71 /* EmailViewController.swift */,
			);
			path = Email;
			sourceTree = "<group>";
		};
		EC455F3727ACC883005E124D /* Message */ = {
			isa = PBXGroup;
			children = (
				EC6134B92796A63000DCE48C /* MessageViewController.swift */,
				ECB2B86527AD2C6700EEEBF4 /* MessageView.swift */,
			);
			path = Message;
			sourceTree = "<group>";
		};
		EC4D53B5279E8DF3009D5E71 /* NameSpace */ = {
			isa = PBXGroup;
			children = (
				EC4D53B6279E8E0C009D5E71 /* Color.swift */,
				EC4D53B8279E8E16009D5E71 /* Image.swift */,
				EC69721B27AFB8E600085F80 /* URLs.swift */,
			);
			path = NameSpace;
			sourceTree = "<group>";
		};
		EC61349D2796601000DCE48C /* Application */ = {
			isa = PBXGroup;
			children = (
				ECB2F3E627965CAC00BCCA60 /* AppDelegate.swift */,
				ECB2F3E827965CAC00BCCA60 /* SceneDelegate.swift */,
			);
			path = Application;
			sourceTree = "<group>";
		};
		EC61349E2796603400DCE48C /* Common */ = {
			isa = PBXGroup;
			children = (
				ECB2B86B27AE1B9600EEEBF4 /* Helper */,
				EC4D53B5279E8DF3009D5E71 /* NameSpace */,
				EC6134A12796605500DCE48C /* Protocol */,
				EC6134A02796604E00DCE48C /* Extension */,
				EC61349F2796603B00DCE48C /* Constant */,
			);
			path = Common;
			sourceTree = "<group>";
		};
		EC61349F2796603B00DCE48C /* Constant */ = {
			isa = PBXGroup;
			children = (
			);
			path = Constant;
			sourceTree = "<group>";
		};
		EC6134A02796604E00DCE48C /* Extension */ = {
			isa = PBXGroup;
			children = (
				EC69722A27B2923600085F80 /* UIView + Extension.swift */,
			);
			path = Extension;
			sourceTree = "<group>";
		};
		EC6134A12796605500DCE48C /* Protocol */ = {
			isa = PBXGroup;
			children = (
				ECB2B85C27AD021A00EEEBF4 /* AuthButtonStyle.swift */,
				EC69722627B2796000085F80 /* StatusButtonStyle.swift */,
				EC69722827B28B6600085F80 /* GenderButtonStyle.swift */,
				ECB2B85E27AD022F00EEEBF4 /* TextFieldStyle.swift */,
				ECB2B86227AD222400EEEBF4 /* Representable.swift */,
				EC69722C27B36D2600085F80 /* AnnotationStyle.swift */,
			);
			path = Protocol;
			sourceTree = "<group>";
		};
		EC6134A22796607200DCE48C /* Data */ = {
			isa = PBXGroup;
			children = (
				EC6134A42796608100DCE48C /* DTO */,
			);
			path = Data;
			sourceTree = "<group>";
		};
		EC6134A42796608100DCE48C /* DTO */ = {
			isa = PBXGroup;
			children = (
				EC69721D27AFBA7200085F80 /* APIModel */,
			);
			path = DTO;
			sourceTree = "<group>";
		};
		EC6134A6279660AB00DCE48C /* Presentation */ = {
			isa = PBXGroup;
			children = (
				EC455EC727A8E7C2005E124D /* MyPage */,
				ECB6A6F527A0A0DB00E55E2C /* Home */,
				ECB6A6FA27A0A0ED00E55E2C /* Shop */,
				ECB6A6FF27A0A10300E55E2C /* SeSacFriend */,
				EC6134A7279660BD00DCE48C /* Common */,
				EC6134AB2796611D00DCE48C /* Auth */,
			);
			path = Presentation;
			sourceTree = "<group>";
		};
		EC6134A7279660BD00DCE48C /* Common */ = {
			isa = PBXGroup;
			children = (
				EC455F0827AA5596005E124D /* Cell */,
				EC455EF927AA542E005E124D /* View */,
				EC455EE727A91B4B005E124D /* PagerTab */,
				ECB6A6F027A09E2C00E55E2C /* Tabbar */,
				EC6134A8279660F500DCE48C /* Base */,
			);
			path = Common;
			sourceTree = "<group>";
		};
		EC6134A8279660F500DCE48C /* Base */ = {
			isa = PBXGroup;
			children = (
				EC6134A92796610100DCE48C /* BaseViewController.swift */,
			);
			path = Base;
			sourceTree = "<group>";
		};
		EC6134AB2796611D00DCE48C /* Auth */ = {
			isa = PBXGroup;
			children = (
				ECB2B87027AE1E6500EEEBF4 /* Common */,
				EC455F3227ACC7DE005E124D /* Phone */,
				EC455F3727ACC883005E124D /* Message */,
				EC455F3627ACC844005E124D /* Email */,
				EC455F3427ACC827005E124D /* Nickname */,
				EC455F3527ACC833005E124D /* Birth */,
				EC455F3327ACC81C005E124D /* Gender */,
			);
			path = Auth;
			sourceTree = "<group>";
		};
		EC6134AC2796613C00DCE48C /* Resource */ = {
			isa = PBXGroup;
			children = (
				EC6134AD2796614D00DCE48C /* Font */,
				ECB2F3F127965CAD00BCCA60 /* LaunchScreen.storyboard */,
				ECB2F3EF27965CAD00BCCA60 /* Assets.xcassets */,
				EC4D53B3279E8D11009D5E71 /* Color.xcassets */,
				EC4D53D3279F5698009D5E71 /* Image.xcassets */,
			);
			path = Resource;
			sourceTree = "<group>";
		};
		EC6134AD2796614D00DCE48C /* Font */ = {
			isa = PBXGroup;
			children = (
			);
			path = Font;
			sourceTree = "<group>";
		};
		EC6134AE2796616100DCE48C /* Support */ = {
			isa = PBXGroup;
			children = (
				EC69721427AFAF5500085F80 /* GoogleService-Info.plist */,
				ECB2F3F427965CAD00BCCA60 /* Info.plist */,
			);
			path = Support;
			sourceTree = "<group>";
		};
		EC6134AF279661AC00DCE48C /* Service */ = {
			isa = PBXGroup;
			children = (
				EC6134B0279661B300DCE48C /* Network */,
			);
			path = Service;
			sourceTree = "<group>";
		};
		EC6134B0279661B300DCE48C /* Network */ = {
			isa = PBXGroup;
			children = (
				EC6134B1279661BA00DCE48C /* APIService */,
			);
			path = Network;
			sourceTree = "<group>";
		};
		EC6134B1279661BA00DCE48C /* APIService */ = {
			isa = PBXGroup;
			children = (
				EC69721627AFB89600085F80 /* AuthAPI */,
				ECB6A6E727A0482B00E55E2C /* NetworkService.swift */,
				ECB6A6E927A0484200E55E2C /* GenericResponse.swift */,
			);
			path = APIService;
			sourceTree = "<group>";
		};
		EC69721627AFB89600085F80 /* AuthAPI */ = {
			isa = PBXGroup;
			children = (
				EC69721727AFB8BB00085F80 /* AuthAPI.swift */,
				EC69721927AFB8C300085F80 /* AuthService.swift */,
			);
			path = AuthAPI;
			sourceTree = "<group>";
		};
		EC69721D27AFBA7200085F80 /* APIModel */ = {
			isa = PBXGroup;
			children = (
				EC69721E27AFBACB00085F80 /* AuthModel.swift */,
			);
			path = APIModel;
			sourceTree = "<group>";
		};
		EC69723027B4DFD600085F80 /* Map */ = {
			isa = PBXGroup;
			children = (
				EC69722227B2181C00085F80 /* HomeViewController.swift */,
				EC69722427B218D200085F80 /* HomeView.swift */,
			);
			path = Map;
			sourceTree = "<group>";
		};
		EC69723127B4DFE000085F80 /* Hobby */ = {
			isa = PBXGroup;
			children = (
				EC69722E27B4DE5500085F80 /* HobbyViewController.swift */,
				EC69723227B4E00400085F80 /* HobbyView.swift */,
				EC69723427B5114600085F80 /* HobbyCollectionViewCell.swift */,
				EC69723627B5667F00085F80 /* HobbyHeaderView.swift */,
			);
			path = Hobby;
			sourceTree = "<group>";
		};
		ECB2B86B27AE1B9600EEEBF4 /* Helper */ = {
			isa = PBXGroup;
			children = (
				ECB2B86C27AE1BB200EEEBF4 /* Observable.swift */,
			);
			path = Helper;
			sourceTree = "<group>";
		};
		ECB2B87027AE1E6500EEEBF4 /* Common */ = {
			isa = PBXGroup;
			children = (
				ECB2B86027AD210700EEEBF4 /* AuthCommonView.swift */,
				ECB2B86E27AE1E5E00EEEBF4 /* AuthViewModel.swift */,
			);
			path = Common;
			sourceTree = "<group>";
		};
		ECB2F3DA27965CAC00BCCA60 = {
			isa = PBXGroup;
			children = (
				ECB2F3E527965CAC00BCCA60 /* SeSAC_Friends */,
				ECB2F3E427965CAC00BCCA60 /* Products */,
			);
			sourceTree = "<group>";
		};
		ECB2F3E427965CAC00BCCA60 /* Products */ = {
			isa = PBXGroup;
			children = (
				ECB2F3E327965CAC00BCCA60 /* SeSAC_Friends.app */,
			);
			name = Products;
			sourceTree = "<group>";
		};
		ECB2F3E527965CAC00BCCA60 /* SeSAC_Friends */ = {
			isa = PBXGroup;
			children = (
				ECB6A70D27A0A3C200E55E2C /* SeSAC_Friends.entitlements */,
				EC61349D2796601000DCE48C /* Application */,
				EC6134A6279660AB00DCE48C /* Presentation */,
				EC6134AC2796613C00DCE48C /* Resource */,
				EC6134AF279661AC00DCE48C /* Service */,
				EC6134A22796607200DCE48C /* Data */,
				EC61349E2796603400DCE48C /* Common */,
				EC6134AE2796616100DCE48C /* Support */,
			);
			path = SeSAC_Friends;
			sourceTree = "<group>";
		};
		ECB6A6F027A09E2C00E55E2C /* Tabbar */ = {
			isa = PBXGroup;
			children = (
				ECB6A6F127A09E4E00E55E2C /* TabBarItem.swift */,
				ECB6A6F327A09E5700E55E2C /* TabBarController.swift */,
			);
			path = Tabbar;
			sourceTree = "<group>";
		};
		ECB6A6F527A0A0DB00E55E2C /* Home */ = {
			isa = PBXGroup;
			children = (
				EC69723127B4DFE000085F80 /* Hobby */,
				EC69723027B4DFD600085F80 /* Map */,
				EC455EF227AA4EFD005E124D /* FindSeSAC */,
			);
			path = Home;
			sourceTree = "<group>";
		};
		ECB6A6FA27A0A0ED00E55E2C /* Shop */ = {
			isa = PBXGroup;
			children = (
				EC455F1627ABAAE9005E124D /* ShopTab */,
				EC455F2527ABC647005E124D /* Character */,
				EC455F2C27ABC6EA005E124D /* Background */,
			);
			path = Shop;
			sourceTree = "<group>";
		};
		ECB6A6FF27A0A10300E55E2C /* SeSacFriend */ = {
			isa = PBXGroup;
			children = (
				ECB6A70027A0A11700E55E2C /* SeSacFriendViewController.swift */,
				ECB6A70127A0A11700E55E2C /* SeSacFriendViewController.xib */,
			);
			path = SeSacFriend;
			sourceTree = "<group>";
		};
/* End PBXGroup section */

/* Begin PBXNativeTarget section */
		ECB2F3E227965CAC00BCCA60 /* SeSAC_Friends */ = {
			isa = PBXNativeTarget;
			buildConfigurationList = ECB2F3F727965CAD00BCCA60 /* Build configuration list for PBXNativeTarget "SeSAC_Friends" */;
			buildPhases = (
				ECB2F3DF27965CAC00BCCA60 /* Sources */,
				ECB2F3E027965CAC00BCCA60 /* Frameworks */,
				ECB2F3E127965CAC00BCCA60 /* Resources */,
			);
			buildRules = (
			);
			dependencies = (
			);
			name = SeSAC_Friends;
			packageProductDependencies = (
				EC6134B72796A32100DCE48C /* EasyKit */,
				EC4D53BB279E8FCF009D5E71 /* AnyFormatKit */,
				EC4D53BE279E8FDE009D5E71 /* SnapKit */,
				EC4D53C1279E8FEA009D5E71 /* Then */,
				ECB6A6EE27A049D700E55E2C /* Moya */,
				ECB6A71227A0A78400E55E2C /* FirebaseAuth */,
				ECB6A71427A0A78400E55E2C /* FirebaseMessaging */,
			);
			productName = SeSAC_Friends;
			productReference = ECB2F3E327965CAC00BCCA60 /* SeSAC_Friends.app */;
			productType = "com.apple.product-type.application";
		};
/* End PBXNativeTarget section */

/* Begin PBXProject section */
		ECB2F3DB27965CAC00BCCA60 /* Project object */ = {
			isa = PBXProject;
			attributes = {
				BuildIndependentTargetsInParallel = 1;
				LastSwiftUpdateCheck = 1310;
				LastUpgradeCheck = 1310;
				TargetAttributes = {
					ECB2F3E227965CAC00BCCA60 = {
						CreatedOnToolsVersion = 13.1;
					};
				};
			};
			buildConfigurationList = ECB2F3DE27965CAC00BCCA60 /* Build configuration list for PBXProject "SeSAC_Friends" */;
			compatibilityVersion = "Xcode 13.0";
			developmentRegion = en;
			hasScannedForEncodings = 0;
			knownRegions = (
				en,
				Base,
			);
			mainGroup = ECB2F3DA27965CAC00BCCA60;
			packageReferences = (
				EC6134B62796A32100DCE48C /* XCRemoteSwiftPackageReference "EasyKit" */,
				EC4D53BA279E8FCF009D5E71 /* XCRemoteSwiftPackageReference "AnyFormatKit" */,
				EC4D53BD279E8FDE009D5E71 /* XCRemoteSwiftPackageReference "SnapKit" */,
				EC4D53C0279E8FEA009D5E71 /* XCRemoteSwiftPackageReference "Then" */,
				ECB6A6ED27A049D700E55E2C /* XCRemoteSwiftPackageReference "Moya" */,
				ECB6A71127A0A78400E55E2C /* XCRemoteSwiftPackageReference "firebase-ios-sdk" */,
			);
			productRefGroup = ECB2F3E427965CAC00BCCA60 /* Products */;
			projectDirPath = "";
			projectRoot = "";
			targets = (
				ECB2F3E227965CAC00BCCA60 /* SeSAC_Friends */,
			);
		};
/* End PBXProject section */

/* Begin PBXResourcesBuildPhase section */
		ECB2F3E127965CAC00BCCA60 /* Resources */ = {
			isa = PBXResourcesBuildPhase;
			buildActionMask = 2147483647;
			files = (
				ECB2F3F327965CAD00BCCA60 /* LaunchScreen.storyboard in Resources */,
				EC69721527AFAF5500085F80 /* GoogleService-Info.plist in Resources */,
				EC4D53B4279E8D11009D5E71 /* Color.xcassets in Resources */,
				ECB2F3F027965CAD00BCCA60 /* Assets.xcassets in Resources */,
				EC4D53D4279F5698009D5E71 /* Image.xcassets in Resources */,
				EC4D53D2279E99F4009D5E71 /* GenderViewController.xib in Resources */,
				ECB6A70327A0A11700E55E2C /* SeSacFriendViewController.xib in Resources */,
			);
			runOnlyForDeploymentPostprocessing = 0;
		};
/* End PBXResourcesBuildPhase section */

/* Begin PBXSourcesBuildPhase section */
		ECB2F3DF27965CAC00BCCA60 /* Sources */ = {
			isa = PBXSourcesBuildPhase;
			buildActionMask = 2147483647;
			files = (
				ECB2B86D27AE1BB200EEEBF4 /* Observable.swift in Sources */,
				EC4D53B9279E8E16009D5E71 /* Image.swift in Sources */,
				EC69722327B2181C00085F80 /* HomeViewController.swift in Sources */,
				ECB2F3E727965CAC00BCCA60 /* AppDelegate.swift in Sources */,
				EC455ECF27A8EA0D005E124D /* informationHeaderView.swift in Sources */,
				EC455EED27A91C5F005E124D /* GetRequestViewController.swift in Sources */,
				EC455F0F27AA60EB005E124D /* SeSacTitleView.swift in Sources */,
				EC455F0527AA5498005E124D /* UserInfoTableViewCell.swift in Sources */,
				EC455F2427ABB700005E124D /* CharacterCollectionViewCell.swift in Sources */,
				EC69721F27AFBACB00085F80 /* AuthModel.swift in Sources */,
				EC455F0027AA5479005E124D /* UserTableViewCell.swift in Sources */,
				EC455F1127AA611F005E124D /* SeSacReviewView.swift in Sources */,
				EC4D53C9279E99CF009D5E71 /* BirthViewController.swift in Sources */,
				ECB2B86327AD222400EEEBF4 /* Representable.swift in Sources */,
				EC69722D27B36D2700085F80 /* AnnotationStyle.swift in Sources */,
				EC455EF027A91C86005E124D /* FindSeSACViewController.swift in Sources */,
				ECB2B86627AD2C6700EEEBF4 /* MessageView.swift in Sources */,
				ECB6A6F427A09E5700E55E2C /* TabBarController.swift in Sources */,
				EC6134B42796A11E00DCE48C /* PhoneViewController.swift in Sources */,
				EC69721827AFB8BB00085F80 /* AuthAPI.swift in Sources */,
				ECB6A6F227A09E4E00E55E2C /* TabBarItem.swift in Sources */,
				EC455ECD27A8E9D5005E124D /* informationTableViewCell.swift in Sources */,
				ECB2F3E927965CAC00BCCA60 /* SceneDelegate.swift in Sources */,
				EC455F0727AA54C3005E124D /* WithdrawlTableViewCell.swift in Sources */,
				EC4D53C5279E9741009D5E71 /* NicknameViewController.swift in Sources */,
				EC69723527B5114600085F80 /* HobbyCollectionViewCell.swift in Sources */,
				EC69722927B28B6600085F80 /* GenderButtonStyle.swift in Sources */,
				EC455F2227ABB5E7005E124D /* SeSacCharacterView.swift in Sources */,
				EC455EE927A91B5B005E124D /* PagerTab.swift in Sources */,
				ECB2B86127AD210700EEEBF4 /* AuthCommonView.swift in Sources */,
				ECB6A6EA27A0484200E55E2C /* GenericResponse.swift in Sources */,
				EC69722F27B4DE5500085F80 /* HobbyViewController.swift in Sources */,
				EC69721A27AFB8C300085F80 /* AuthService.swift in Sources */,
				EC455F0A27AA57E1005E124D /* ProfileImageView.swift in Sources */,
				EC455F1A27ABB23C005E124D /* SeSacCharacterViewController.swift in Sources */,
				EC455EEB27A91C51005E124D /* NearSeSacViewController.swift in Sources */,
				EC69721C27AFB8E600085F80 /* URLs.swift in Sources */,
				ECB2B86827AD3D1700EEEBF4 /* BirthView.swift in Sources */,
				EC455F1827ABAB00005E124D /* ShopView.swift in Sources */,
				EC4D53D1279E99F4009D5E71 /* GenderViewController.swift in Sources */,
				ECB2B86A27AD3DB700EEEBF4 /* DayView.swift in Sources */,
				ECB6A70B27A0A1E600E55E2C /* ShopViewController.swift in Sources */,
				EC6134AA2796610100DCE48C /* BaseViewController.swift in Sources */,
				EC455EFE27AA5464005E124D /* ProfileImageTableViewCell.swift in Sources */,
				ECB2B85F27AD022F00EEEBF4 /* TextFieldStyle.swift in Sources */,
				EC69722527B218D300085F80 /* HomeView.swift in Sources */,
				EC69723727B5667F00085F80 /* HobbyHeaderView.swift in Sources */,
				EC455EF627AA532B005E124D /* ManagementViewController.swift in Sources */,
				EC6134BB2796A63000DCE48C /* MessageViewController.swift in Sources */,
				ECB2B85D27AD021A00EEEBF4 /* AuthButtonStyle.swift in Sources */,
				EC455F0C27AA5B39005E124D /* UserView.swift in Sources */,
				EC455ECB27A8E827005E124D /* informationView.swift in Sources */,
				ECB6A70227A0A11700E55E2C /* SeSacFriendViewController.swift in Sources */,
				EC69722727B2796000085F80 /* StatusButtonStyle.swift in Sources */,
				EC69722127B2166C00085F80 /* FindSeSACView.swift in Sources */,
				ECB2B86F27AE1E5E00EEEBF4 /* AuthViewModel.swift in Sources */,
				EC455F1C27ABB24E005E124D /* SeSacBackgroundViewController.swift in Sources */,
				EC455EC927A8E7D0005E124D /* InformationViewController.swift in Sources */,
				EC455F2027ABB5CA005E124D /* SeSacBackgroundView.swift in Sources */,
				EC69723327B4E00400085F80 /* HobbyView.swift in Sources */,
				EC69722B27B2923600085F80 /* UIView + Extension.swift in Sources */,
				EC4D53B7279E8E0C009D5E71 /* Color.swift in Sources */,
				EC455F3127ABC8D7005E124D /* BackgroundCollectionViewCell.swift in Sources */,
				EC4D53CD279E99E3009D5E71 /* EmailViewController.swift in Sources */,
				ECB6A6E827A0482B00E55E2C /* NetworkService.swift in Sources */,
				EC455EF827AA536A005E124D /* ManagementView.swift in Sources */,
			);
			runOnlyForDeploymentPostprocessing = 0;
		};
/* End PBXSourcesBuildPhase section */

/* Begin PBXVariantGroup section */
		ECB2F3F127965CAD00BCCA60 /* LaunchScreen.storyboard */ = {
			isa = PBXVariantGroup;
			children = (
				ECB2F3F227965CAD00BCCA60 /* Base */,
			);
			name = LaunchScreen.storyboard;
			sourceTree = "<group>";
		};
/* End PBXVariantGroup section */

/* Begin XCBuildConfiguration section */
		ECB2F3F527965CAD00BCCA60 /* Debug */ = {
			isa = XCBuildConfiguration;
			buildSettings = {
				ALWAYS_SEARCH_USER_PATHS = NO;
				CLANG_ANALYZER_NONNULL = YES;
				CLANG_ANALYZER_NUMBER_OBJECT_CONVERSION = YES_AGGRESSIVE;
				CLANG_CXX_LANGUAGE_STANDARD = "gnu++17";
				CLANG_CXX_LIBRARY = "libc++";
				CLANG_ENABLE_MODULES = YES;
				CLANG_ENABLE_OBJC_ARC = YES;
				CLANG_ENABLE_OBJC_WEAK = YES;
				CLANG_WARN_BLOCK_CAPTURE_AUTORELEASING = YES;
				CLANG_WARN_BOOL_CONVERSION = YES;
				CLANG_WARN_COMMA = YES;
				CLANG_WARN_CONSTANT_CONVERSION = YES;
				CLANG_WARN_DEPRECATED_OBJC_IMPLEMENTATIONS = YES;
				CLANG_WARN_DIRECT_OBJC_ISA_USAGE = YES_ERROR;
				CLANG_WARN_DOCUMENTATION_COMMENTS = YES;
				CLANG_WARN_EMPTY_BODY = YES;
				CLANG_WARN_ENUM_CONVERSION = YES;
				CLANG_WARN_INFINITE_RECURSION = YES;
				CLANG_WARN_INT_CONVERSION = YES;
				CLANG_WARN_NON_LITERAL_NULL_CONVERSION = YES;
				CLANG_WARN_OBJC_IMPLICIT_RETAIN_SELF = YES;
				CLANG_WARN_OBJC_LITERAL_CONVERSION = YES;
				CLANG_WARN_OBJC_ROOT_CLASS = YES_ERROR;
				CLANG_WARN_QUOTED_INCLUDE_IN_FRAMEWORK_HEADER = YES;
				CLANG_WARN_RANGE_LOOP_ANALYSIS = YES;
				CLANG_WARN_STRICT_PROTOTYPES = YES;
				CLANG_WARN_SUSPICIOUS_MOVE = YES;
				CLANG_WARN_UNGUARDED_AVAILABILITY = YES_AGGRESSIVE;
				CLANG_WARN_UNREACHABLE_CODE = YES;
				CLANG_WARN__DUPLICATE_METHOD_MATCH = YES;
				COPY_PHASE_STRIP = NO;
				DEBUG_INFORMATION_FORMAT = dwarf;
				ENABLE_STRICT_OBJC_MSGSEND = YES;
				ENABLE_TESTABILITY = YES;
				GCC_C_LANGUAGE_STANDARD = gnu11;
				GCC_DYNAMIC_NO_PIC = NO;
				GCC_NO_COMMON_BLOCKS = YES;
				GCC_OPTIMIZATION_LEVEL = 0;
				GCC_PREPROCESSOR_DEFINITIONS = (
					"DEBUG=1",
					"$(inherited)",
				);
				GCC_WARN_64_TO_32_BIT_CONVERSION = YES;
				GCC_WARN_ABOUT_RETURN_TYPE = YES_ERROR;
				GCC_WARN_UNDECLARED_SELECTOR = YES;
				GCC_WARN_UNINITIALIZED_AUTOS = YES_AGGRESSIVE;
				GCC_WARN_UNUSED_FUNCTION = YES;
				GCC_WARN_UNUSED_VARIABLE = YES;
				IPHONEOS_DEPLOYMENT_TARGET = 15.0;
				MTL_ENABLE_DEBUG_INFO = INCLUDE_SOURCE;
				MTL_FAST_MATH = YES;
				ONLY_ACTIVE_ARCH = YES;
				SDKROOT = iphoneos;
				SWIFT_ACTIVE_COMPILATION_CONDITIONS = DEBUG;
				SWIFT_OPTIMIZATION_LEVEL = "-Onone";
			};
			name = Debug;
		};
		ECB2F3F627965CAD00BCCA60 /* Release */ = {
			isa = XCBuildConfiguration;
			buildSettings = {
				ALWAYS_SEARCH_USER_PATHS = NO;
				CLANG_ANALYZER_NONNULL = YES;
				CLANG_ANALYZER_NUMBER_OBJECT_CONVERSION = YES_AGGRESSIVE;
				CLANG_CXX_LANGUAGE_STANDARD = "gnu++17";
				CLANG_CXX_LIBRARY = "libc++";
				CLANG_ENABLE_MODULES = YES;
				CLANG_ENABLE_OBJC_ARC = YES;
				CLANG_ENABLE_OBJC_WEAK = YES;
				CLANG_WARN_BLOCK_CAPTURE_AUTORELEASING = YES;
				CLANG_WARN_BOOL_CONVERSION = YES;
				CLANG_WARN_COMMA = YES;
				CLANG_WARN_CONSTANT_CONVERSION = YES;
				CLANG_WARN_DEPRECATED_OBJC_IMPLEMENTATIONS = YES;
				CLANG_WARN_DIRECT_OBJC_ISA_USAGE = YES_ERROR;
				CLANG_WARN_DOCUMENTATION_COMMENTS = YES;
				CLANG_WARN_EMPTY_BODY = YES;
				CLANG_WARN_ENUM_CONVERSION = YES;
				CLANG_WARN_INFINITE_RECURSION = YES;
				CLANG_WARN_INT_CONVERSION = YES;
				CLANG_WARN_NON_LITERAL_NULL_CONVERSION = YES;
				CLANG_WARN_OBJC_IMPLICIT_RETAIN_SELF = YES;
				CLANG_WARN_OBJC_LITERAL_CONVERSION = YES;
				CLANG_WARN_OBJC_ROOT_CLASS = YES_ERROR;
				CLANG_WARN_QUOTED_INCLUDE_IN_FRAMEWORK_HEADER = YES;
				CLANG_WARN_RANGE_LOOP_ANALYSIS = YES;
				CLANG_WARN_STRICT_PROTOTYPES = YES;
				CLANG_WARN_SUSPICIOUS_MOVE = YES;
				CLANG_WARN_UNGUARDED_AVAILABILITY = YES_AGGRESSIVE;
				CLANG_WARN_UNREACHABLE_CODE = YES;
				CLANG_WARN__DUPLICATE_METHOD_MATCH = YES;
				COPY_PHASE_STRIP = NO;
				DEBUG_INFORMATION_FORMAT = "dwarf-with-dsym";
				ENABLE_NS_ASSERTIONS = NO;
				ENABLE_STRICT_OBJC_MSGSEND = YES;
				GCC_C_LANGUAGE_STANDARD = gnu11;
				GCC_NO_COMMON_BLOCKS = YES;
				GCC_WARN_64_TO_32_BIT_CONVERSION = YES;
				GCC_WARN_ABOUT_RETURN_TYPE = YES_ERROR;
				GCC_WARN_UNDECLARED_SELECTOR = YES;
				GCC_WARN_UNINITIALIZED_AUTOS = YES_AGGRESSIVE;
				GCC_WARN_UNUSED_FUNCTION = YES;
				GCC_WARN_UNUSED_VARIABLE = YES;
				IPHONEOS_DEPLOYMENT_TARGET = 15.0;
				MTL_ENABLE_DEBUG_INFO = NO;
				MTL_FAST_MATH = YES;
				SDKROOT = iphoneos;
				SWIFT_COMPILATION_MODE = wholemodule;
				SWIFT_OPTIMIZATION_LEVEL = "-O";
				VALIDATE_PRODUCT = YES;
			};
			name = Release;
		};
		ECB2F3F827965CAD00BCCA60 /* Debug */ = {
			isa = XCBuildConfiguration;
			buildSettings = {
				ASSETCATALOG_COMPILER_APPICON_NAME = AppIcon;
				ASSETCATALOG_COMPILER_GLOBAL_ACCENT_COLOR_NAME = AccentColor;
				CODE_SIGN_ENTITLEMENTS = SeSAC_Friends/SeSAC_Friends.entitlements;
				CODE_SIGN_STYLE = Automatic;
				CURRENT_PROJECT_VERSION = 1;
				DEVELOPMENT_TEAM = 2EZ5QWFYX2;
				GENERATE_INFOPLIST_FILE = YES;
				INFOPLIST_FILE = SeSAC_Friends/Support/Info.plist;
				INFOPLIST_KEY_UIApplicationSupportsIndirectInputEvents = YES;
				INFOPLIST_KEY_UILaunchStoryboardName = LaunchScreen;
				INFOPLIST_KEY_UISupportedInterfaceOrientations_iPad = "UIInterfaceOrientationPortrait UIInterfaceOrientationPortraitUpsideDown UIInterfaceOrientationLandscapeLeft UIInterfaceOrientationLandscapeRight";
				INFOPLIST_KEY_UISupportedInterfaceOrientations_iPhone = "UIInterfaceOrientationPortrait UIInterfaceOrientationLandscapeLeft UIInterfaceOrientationLandscapeRight";
				LD_RUNPATH_SEARCH_PATHS = (
					"$(inherited)",
					"@executable_path/Frameworks",
				);
				MARKETING_VERSION = 1.0;
				PRODUCT_BUNDLE_IDENTIFIER = com.memolease.sesac1;
				PRODUCT_NAME = "$(TARGET_NAME)";
				SWIFT_EMIT_LOC_STRINGS = YES;
				SWIFT_VERSION = 5.0;
				TARGETED_DEVICE_FAMILY = "1,2";
			};
			name = Debug;
		};
		ECB2F3F927965CAD00BCCA60 /* Release */ = {
			isa = XCBuildConfiguration;
			buildSettings = {
				ASSETCATALOG_COMPILER_APPICON_NAME = AppIcon;
				ASSETCATALOG_COMPILER_GLOBAL_ACCENT_COLOR_NAME = AccentColor;
				CODE_SIGN_ENTITLEMENTS = SeSAC_Friends/SeSAC_Friends.entitlements;
				CODE_SIGN_STYLE = Automatic;
				CURRENT_PROJECT_VERSION = 1;
				DEVELOPMENT_TEAM = 2EZ5QWFYX2;
				GENERATE_INFOPLIST_FILE = YES;
				INFOPLIST_FILE = SeSAC_Friends/Support/Info.plist;
				INFOPLIST_KEY_UIApplicationSupportsIndirectInputEvents = YES;
				INFOPLIST_KEY_UILaunchStoryboardName = LaunchScreen;
				INFOPLIST_KEY_UISupportedInterfaceOrientations_iPad = "UIInterfaceOrientationPortrait UIInterfaceOrientationPortraitUpsideDown UIInterfaceOrientationLandscapeLeft UIInterfaceOrientationLandscapeRight";
				INFOPLIST_KEY_UISupportedInterfaceOrientations_iPhone = "UIInterfaceOrientationPortrait UIInterfaceOrientationLandscapeLeft UIInterfaceOrientationLandscapeRight";
				LD_RUNPATH_SEARCH_PATHS = (
					"$(inherited)",
					"@executable_path/Frameworks",
				);
				MARKETING_VERSION = 1.0;
				PRODUCT_BUNDLE_IDENTIFIER = com.memolease.sesac1;
				PRODUCT_NAME = "$(TARGET_NAME)";
				SWIFT_EMIT_LOC_STRINGS = YES;
				SWIFT_VERSION = 5.0;
				TARGETED_DEVICE_FAMILY = "1,2";
			};
			name = Release;
		};
/* End XCBuildConfiguration section */

/* Begin XCConfigurationList section */
		ECB2F3DE27965CAC00BCCA60 /* Build configuration list for PBXProject "SeSAC_Friends" */ = {
			isa = XCConfigurationList;
			buildConfigurations = (
				ECB2F3F527965CAD00BCCA60 /* Debug */,
				ECB2F3F627965CAD00BCCA60 /* Release */,
			);
			defaultConfigurationIsVisible = 0;
			defaultConfigurationName = Release;
		};
		ECB2F3F727965CAD00BCCA60 /* Build configuration list for PBXNativeTarget "SeSAC_Friends" */ = {
			isa = XCConfigurationList;
			buildConfigurations = (
				ECB2F3F827965CAD00BCCA60 /* Debug */,
				ECB2F3F927965CAD00BCCA60 /* Release */,
			);
			defaultConfigurationIsVisible = 0;
			defaultConfigurationName = Release;
		};
/* End XCConfigurationList section */

/* Begin XCRemoteSwiftPackageReference section */
		EC4D53BA279E8FCF009D5E71 /* XCRemoteSwiftPackageReference "AnyFormatKit" */ = {
			isa = XCRemoteSwiftPackageReference;
			repositoryURL = "https://github.com/luximetr/AnyFormatKit.git";
			requirement = {
				kind = upToNextMajorVersion;
				minimumVersion = 2.0.0;
			};
		};
		EC4D53BD279E8FDE009D5E71 /* XCRemoteSwiftPackageReference "SnapKit" */ = {
			isa = XCRemoteSwiftPackageReference;
			repositoryURL = "https://github.com/SnapKit/SnapKit.git";
			requirement = {
				branch = develop;
				kind = branch;
			};
		};
		EC4D53C0279E8FEA009D5E71 /* XCRemoteSwiftPackageReference "Then" */ = {
			isa = XCRemoteSwiftPackageReference;
			repositoryURL = "https://github.com/devxoul/Then.git";
			requirement = {
				branch = master;
				kind = branch;
			};
		};
		EC6134B62796A32100DCE48C /* XCRemoteSwiftPackageReference "EasyKit" */ = {
			isa = XCRemoteSwiftPackageReference;
			repositoryURL = "https://github.com/Taehyeon-Kim/EasyKit.git";
			requirement = {
				branch = master;
				kind = branch;
			};
		};
		ECB6A6ED27A049D700E55E2C /* XCRemoteSwiftPackageReference "Moya" */ = {
			isa = XCRemoteSwiftPackageReference;
			repositoryURL = "https://github.com/Moya/Moya.git";
			requirement = {
				branch = master;
				kind = branch;
			};
		};
		ECB6A71127A0A78400E55E2C /* XCRemoteSwiftPackageReference "firebase-ios-sdk" */ = {
			isa = XCRemoteSwiftPackageReference;
			repositoryURL = "https://github.com/firebase/firebase-ios-sdk";
			requirement = {
				branch = master;
				kind = branch;
			};
		};
/* End XCRemoteSwiftPackageReference section */

/* Begin XCSwiftPackageProductDependency section */
		EC4D53BB279E8FCF009D5E71 /* AnyFormatKit */ = {
			isa = XCSwiftPackageProductDependency;
			package = EC4D53BA279E8FCF009D5E71 /* XCRemoteSwiftPackageReference "AnyFormatKit" */;
			productName = AnyFormatKit;
		};
		EC4D53BE279E8FDE009D5E71 /* SnapKit */ = {
			isa = XCSwiftPackageProductDependency;
			package = EC4D53BD279E8FDE009D5E71 /* XCRemoteSwiftPackageReference "SnapKit" */;
			productName = SnapKit;
		};
		EC4D53C1279E8FEA009D5E71 /* Then */ = {
			isa = XCSwiftPackageProductDependency;
			package = EC4D53C0279E8FEA009D5E71 /* XCRemoteSwiftPackageReference "Then" */;
			productName = Then;
		};
		EC6134B72796A32100DCE48C /* EasyKit */ = {
			isa = XCSwiftPackageProductDependency;
			package = EC6134B62796A32100DCE48C /* XCRemoteSwiftPackageReference "EasyKit" */;
			productName = EasyKit;
		};
		ECB6A6EE27A049D700E55E2C /* Moya */ = {
			isa = XCSwiftPackageProductDependency;
			package = ECB6A6ED27A049D700E55E2C /* XCRemoteSwiftPackageReference "Moya" */;
			productName = Moya;
		};
		ECB6A71227A0A78400E55E2C /* FirebaseAuth */ = {
			isa = XCSwiftPackageProductDependency;
			package = ECB6A71127A0A78400E55E2C /* XCRemoteSwiftPackageReference "firebase-ios-sdk" */;
			productName = FirebaseAuth;
		};
		ECB6A71427A0A78400E55E2C /* FirebaseMessaging */ = {
			isa = XCSwiftPackageProductDependency;
			package = ECB6A71127A0A78400E55E2C /* XCRemoteSwiftPackageReference "firebase-ios-sdk" */;
			productName = FirebaseMessaging;
		};
/* End XCSwiftPackageProductDependency section */
	};
	rootObject = ECB2F3DB27965CAC00BCCA60 /* Project object */;
}
